
Microsoft Visual Studio Solution File, Format Version 12.00
# Visual Studio Version 17
VisualStudioVersion = 17.8.34330.188
MinimumVisualStudioVersion = 10.0.40219.1
Project("{FAE04EC0-301F-11D3-BF4B-00C04F79EFBC}") = "Retangulo", "Retangulo\Retangulo.csproj", "{9F9B0B5E-F7FC-4C44-915F-9450864A2020}"
EndProject
Global
	GlobalSection(SolutionConfigurationPlatforms) = preSolution
		Debug|Any CPU = Debug|Any CPU
		Release|Any CPU = Release|Any CPU
	EndGlobalSection
	GlobalSection(ProjectConfigurationPlatforms) = postSolution
		{9F9B0B5E-F7FC-4C44-915F-9450864A2020}.Debug|Any CPU.ActiveCfg = Debug|Any CPU
		{9F9B0B5E-F7FC-4C44-915F-9450864A2020}.Debug|Any CPU.Build.0 = Debug|Any CPU
		{9F9B0B5E-F7FC-4C44-915F-9450864A2020}.Release|Any CPU.ActiveCfg = Release|Any CPU
		{9F9B0B5E-F7FC-4C44-915F-9450864A2020}.Release|Any CPU.Build.0 = Release|Any CPU
	EndGlobalSection
	GlobalSection(SolutionProperties) = preSolution
		HideSolutionNode = FALSE
	EndGlobalSection
	GlobalSection(ExtensibilityGlobals) = postSolution
		SolutionGuid = {C47029F1-9430-4303-BF2B-2B4F7C4343E6}
	EndGlobalSection
EndGlobal
