
Microsoft Visual Studio Solution File, Format Version 12.00
# Visual Studio Version 17
VisualStudioVersion = 17.8.34330.188
MinimumVisualStudioVersion = 10.0.40219.1
Project("{FAE04EC0-301F-11D3-BF4B-00C04F79EFBC}") = "Exercicio1", "Exercicio1\Exercicio1.csproj", "{BD9A690D-02BE-4FA0-9393-BBF50B09469B}"
EndProject
Global
	GlobalSection(SolutionConfigurationPlatforms) = preSolution
		Debug|Any CPU = Debug|Any CPU
		Release|Any CPU = Release|Any CPU
	EndGlobalSection
	GlobalSection(ProjectConfigurationPlatforms) = postSolution
		{BD9A690D-02BE-4FA0-9393-BBF50B09469B}.Debug|Any CPU.ActiveCfg = Debug|Any CPU
		{BD9A690D-02BE-4FA0-9393-BBF50B09469B}.Debug|Any CPU.Build.0 = Debug|Any CPU
		{BD9A690D-02BE-4FA0-9393-BBF50B09469B}.Release|Any CPU.ActiveCfg = Release|Any CPU
		{BD9A690D-02BE-4FA0-9393-BBF50B09469B}.Release|Any CPU.Build.0 = Release|Any CPU
	EndGlobalSection
	GlobalSection(SolutionProperties) = preSolution
		HideSolutionNode = FALSE
	EndGlobalSection
	GlobalSection(ExtensibilityGlobals) = postSolution
		SolutionGuid = {2B9FBF95-BD11-4C73-9DE0-CA332DEB3463}
	EndGlobalSection
EndGlobal
