
Microsoft Visual Studio Solution File, Format Version 12.00
# Visual Studio Version 17
VisualStudioVersion = 17.8.34330.188
MinimumVisualStudioVersion = 10.0.40219.1
Project("{FAE04EC0-301F-11D3-BF4B-00C04F79EFBC}") = "Funcoes", "Funcoes\Funcoes.csproj", "{ABB3AD21-E1F7-43B5-BE70-5A75DB832BE4}"
EndProject
Global
	GlobalSection(SolutionConfigurationPlatforms) = preSolution
		Debug|Any CPU = Debug|Any CPU
		Release|Any CPU = Release|Any CPU
	EndGlobalSection
	GlobalSection(ProjectConfigurationPlatforms) = postSolution
		{ABB3AD21-E1F7-43B5-BE70-5A75DB832BE4}.Debug|Any CPU.ActiveCfg = Debug|Any CPU
		{ABB3AD21-E1F7-43B5-BE70-5A75DB832BE4}.Debug|Any CPU.Build.0 = Debug|Any CPU
		{ABB3AD21-E1F7-43B5-BE70-5A75DB832BE4}.Release|Any CPU.ActiveCfg = Release|Any CPU
		{ABB3AD21-E1F7-43B5-BE70-5A75DB832BE4}.Release|Any CPU.Build.0 = Release|Any CPU
	EndGlobalSection
	GlobalSection(SolutionProperties) = preSolution
		HideSolutionNode = FALSE
	EndGlobalSection
	GlobalSection(ExtensibilityGlobals) = postSolution
		SolutionGuid = {B801C98F-BD08-4105-A0EB-6392C2C2BF91}
	EndGlobalSection
EndGlobal
