
Microsoft Visual Studio Solution File, Format Version 12.00
# Visual Studio Version 17
VisualStudioVersion = 17.8.34330.188
MinimumVisualStudioVersion = 10.0.40219.1
Project("{FAE04EC0-301F-11D3-BF4B-00C04F79EFBC}") = "Salario", "Salario\Salario.csproj", "{B80BE9E2-6B3B-4D60-9E86-7BA769A01562}"
EndProject
Global
	GlobalSection(SolutionConfigurationPlatforms) = preSolution
		Debug|Any CPU = Debug|Any CPU
		Release|Any CPU = Release|Any CPU
	EndGlobalSection
	GlobalSection(ProjectConfigurationPlatforms) = postSolution
		{B80BE9E2-6B3B-4D60-9E86-7BA769A01562}.Debug|Any CPU.ActiveCfg = Debug|Any CPU
		{B80BE9E2-6B3B-4D60-9E86-7BA769A01562}.Debug|Any CPU.Build.0 = Debug|Any CPU
		{B80BE9E2-6B3B-4D60-9E86-7BA769A01562}.Release|Any CPU.ActiveCfg = Release|Any CPU
		{B80BE9E2-6B3B-4D60-9E86-7BA769A01562}.Release|Any CPU.Build.0 = Release|Any CPU
	EndGlobalSection
	GlobalSection(SolutionProperties) = preSolution
		HideSolutionNode = FALSE
	EndGlobalSection
	GlobalSection(ExtensibilityGlobals) = postSolution
		SolutionGuid = {34E2CB3D-8EA2-496E-B009-D5F6BB4986B2}
	EndGlobalSection
EndGlobal
