
Microsoft Visual Studio Solution File, Format Version 12.00
# Visual Studio Version 17
VisualStudioVersion = 17.8.34330.188
MinimumVisualStudioVersion = 10.0.40219.1
Project("{FAE04EC0-301F-11D3-BF4B-00C04F79EFBC}") = "Exercicio3", "Exercicio3\Exercicio3.csproj", "{ECFD0769-F4CD-4DB8-8955-E62CA7BD42A7}"
EndProject
Global
	GlobalSection(SolutionConfigurationPlatforms) = preSolution
		Debug|Any CPU = Debug|Any CPU
		Release|Any CPU = Release|Any CPU
	EndGlobalSection
	GlobalSection(ProjectConfigurationPlatforms) = postSolution
		{ECFD0769-F4CD-4DB8-8955-E62CA7BD42A7}.Debug|Any CPU.ActiveCfg = Debug|Any CPU
		{ECFD0769-F4CD-4DB8-8955-E62CA7BD42A7}.Debug|Any CPU.Build.0 = Debug|Any CPU
		{ECFD0769-F4CD-4DB8-8955-E62CA7BD42A7}.Release|Any CPU.ActiveCfg = Release|Any CPU
		{ECFD0769-F4CD-4DB8-8955-E62CA7BD42A7}.Release|Any CPU.Build.0 = Release|Any CPU
	EndGlobalSection
	GlobalSection(SolutionProperties) = preSolution
		HideSolutionNode = FALSE
	EndGlobalSection
	GlobalSection(ExtensibilityGlobals) = postSolution
		SolutionGuid = {0A81AFDF-5885-42AF-9F20-050B1D94A1C7}
	EndGlobalSection
EndGlobal
