
Microsoft Visual Studio Solution File, Format Version 12.00
# Visual Studio Version 17
VisualStudioVersion = 17.8.34330.188
MinimumVisualStudioVersion = 10.0.40219.1
Project("{FAE04EC0-301F-11D3-BF4B-00C04F79EFBC}") = "FuncaoMaiorNumero", "FuncaoMaiorNumero\FuncaoMaiorNumero.csproj", "{170530A9-4BB0-4A36-BF5B-0D8212CA4774}"
EndProject
Global
	GlobalSection(SolutionConfigurationPlatforms) = preSolution
		Debug|Any CPU = Debug|Any CPU
		Release|Any CPU = Release|Any CPU
	EndGlobalSection
	GlobalSection(ProjectConfigurationPlatforms) = postSolution
		{170530A9-4BB0-4A36-BF5B-0D8212CA4774}.Debug|Any CPU.ActiveCfg = Debug|Any CPU
		{170530A9-4BB0-4A36-BF5B-0D8212CA4774}.Debug|Any CPU.Build.0 = Debug|Any CPU
		{170530A9-4BB0-4A36-BF5B-0D8212CA4774}.Release|Any CPU.ActiveCfg = Release|Any CPU
		{170530A9-4BB0-4A36-BF5B-0D8212CA4774}.Release|Any CPU.Build.0 = Release|Any CPU
	EndGlobalSection
	GlobalSection(SolutionProperties) = preSolution
		HideSolutionNode = FALSE
	EndGlobalSection
	GlobalSection(ExtensibilityGlobals) = postSolution
		SolutionGuid = {26CB722F-2438-446E-AD7B-22F247A6EFF5}
	EndGlobalSection
EndGlobal
