
Microsoft Visual Studio Solution File, Format Version 12.00
# Visual Studio Version 17
VisualStudioVersion = 17.8.34330.188
MinimumVisualStudioVersion = 10.0.40219.1
Project("{FAE04EC0-301F-11D3-BF4B-00C04F79EFBC}") = "Aluguel", "Aluguel\Aluguel.csproj", "{0ABCB160-AAC3-4582-84EA-377D8EFB508D}"
EndProject
Global
	GlobalSection(SolutionConfigurationPlatforms) = preSolution
		Debug|Any CPU = Debug|Any CPU
		Release|Any CPU = Release|Any CPU
	EndGlobalSection
	GlobalSection(ProjectConfigurationPlatforms) = postSolution
		{0ABCB160-AAC3-4582-84EA-377D8EFB508D}.Debug|Any CPU.ActiveCfg = Debug|Any CPU
		{0ABCB160-AAC3-4582-84EA-377D8EFB508D}.Debug|Any CPU.Build.0 = Debug|Any CPU
		{0ABCB160-AAC3-4582-84EA-377D8EFB508D}.Release|Any CPU.ActiveCfg = Release|Any CPU
		{0ABCB160-AAC3-4582-84EA-377D8EFB508D}.Release|Any CPU.Build.0 = Release|Any CPU
	EndGlobalSection
	GlobalSection(SolutionProperties) = preSolution
		HideSolutionNode = FALSE
	EndGlobalSection
	GlobalSection(ExtensibilityGlobals) = postSolution
		SolutionGuid = {5B5B54F8-F206-4D6B-885A-1B459E89F299}
	EndGlobalSection
EndGlobal
